
Microsoft Visual Studio Solution File, Format Version 11.00
# Visual Studio 2010
Project("{FAE04EC0-301F-11D3-BF4B-00C04F79EFBC}") = "Assembly-CSharp", "Assembly-CSharp.csproj", "{E8D9C593-7E72-102E-6037-F3830BC64301}"
EndProject
Project("{FAE04EC0-301F-11D3-BF4B-00C04F79EFBC}") = "Assembly-CSharp-Editor", "Assembly-CSharp-Editor.csproj", "{888B5062-48AD-7E05-65A0-5998ABACC20D}"
EndProject
Global
	GlobalSection(SolutionConfigurationPlatforms) = preSolution
		Debug|Any CPU = Debug|Any CPU
		Release|Any CPU = Release|Any CPU
	EndGlobalSection
	GlobalSection(ProjectConfigurationPlatforms) = postSolution
		{E8D9C593-7E72-102E-6037-F3830BC64301}.Debug|Any CPU.ActiveCfg = Debug|Any CPU
		{E8D9C593-7E72-102E-6037-F3830BC64301}.Debug|Any CPU.Build.0 = Debug|Any CPU
		{E8D9C593-7E72-102E-6037-F3830BC64301}.Release|Any CPU.ActiveCfg = Release|Any CPU
		{E8D9C593-7E72-102E-6037-F3830BC64301}.Release|Any CPU.Build.0 = Release|Any CPU
		{888B5062-48AD-7E05-65A0-5998ABACC20D}.Debug|Any CPU.ActiveCfg = Debug|Any CPU
		{888B5062-48AD-7E05-65A0-5998ABACC20D}.Debug|Any CPU.Build.0 = Debug|Any CPU
		{888B5062-48AD-7E05-65A0-5998ABACC20D}.Release|Any CPU.ActiveCfg = Release|Any CPU
		{888B5062-48AD-7E05-65A0-5998ABACC20D}.Release|Any CPU.Build.0 = Release|Any CPU
	EndGlobalSection
	GlobalSection(SolutionProperties) = preSolution
		HideSolutionNode = FALSE
	EndGlobalSection
	GlobalSection(MonoDevelopProperties) = preSolution
		StartupItem = Assembly-CSharp.csproj
	EndGlobalSection
EndGlobal
